
Microsoft Visual Studio Solution File, Format Version 12.00
# Visual Studio 15
VisualStudioVersion = 15.0.27004.2006
MinimumVisualStudioVersion = 10.0.40219.1
Project("{9A19103F-16F7-4668-BE54-9A1E7A4F7556}") = "DefaultAspNetCoreMvcApp", "src\DefaultAspNetCoreMvcApp\DefaultAspNetCoreMvcApp.csproj", "{342FC559-DAAD-4A00-94A8-208E7EC238FD}"
EndProject
Project("{9A19103F-16F7-4668-BE54-9A1E7A4F7556}") = "DefaultAspNetCoreApiApp", "src\DefaultAspNetCoreApiApp\DefaultAspNetCoreApiApp.csproj", "{A0317700-6850-48A7-BF5A-5651E6E97D25}"
EndProject
Project("{2150E333-8FDC-42A3-9474-1A3956D46DE8}") = "src", "src", "{6863DA35-755F-49D0-B2AC-21D857D7C8CA}"
EndProject
Project("{2150E333-8FDC-42A3-9474-1A3956D46DE8}") = "docs", "docs", "{CC9A77C4-BC65-407D-8AAE-1273E63480BF}"
	ProjectSection(SolutionItems) = preProject
		docs\ASP.NET - iTechArt 2018.pptx = docs\ASP.NET - iTechArt 2018.pptx
		docs\ASP.NET CORE - Common Tasks - iTechArt 2018.pptx = docs\ASP.NET CORE - Common Tasks - iTechArt 2018.pptx
		docs\ASP.NET CORE - iTechArt 2018.pptx = docs\ASP.NET CORE - iTechArt 2018.pptx
	EndProjectSection
EndProject
Project("{9A19103F-16F7-4668-BE54-9A1E7A4F7556}") = "EmptyAspNetCoreApp", "src\EmptyAspNetCoreApp\EmptyAspNetCoreApp.csproj", "{3AC471B7-8EEC-4FE3-8D23-BA15E7F34FA9}"
EndProject
Project("{9A19103F-16F7-4668-BE54-9A1E7A4F7556}") = "MinimalAspNetCoreApp", "src\MinimalAspNetCoreApp\MinimalAspNetCoreApp.csproj", "{1BCAB731-8108-414D-ADBF-E6E3CAF21607}"
EndProject
Project("{2150E333-8FDC-42A3-9474-1A3956D46DE8}") = "EntityFrameworkCoreApp", "EntityFrameworkCoreApp", "{C07B4438-910E-42E8-B38D-85EE56E43EA6}"
EndProject
Project("{9A19103F-16F7-4668-BE54-9A1E7A4F7556}") = "EntityFrameworkCoreApp.Web", "src\EntityFrameworkCoreApp.Web\EntityFrameworkCoreApp.Web.csproj", "{8E58E396-96E7-4FB9-8238-FABD77345D38}"
EndProject
Project("{9A19103F-16F7-4668-BE54-9A1E7A4F7556}") = "EntityFrameworkCoreApp.BusinessLogic", "src\EntityFrameworkCoreApp.BusinessLogic\EntityFrameworkCoreApp.BusinessLogic.csproj", "{CBDDCB4F-B6EC-43E7-AB7E-F7EB74707508}"
EndProject
Project("{9A19103F-16F7-4668-BE54-9A1E7A4F7556}") = "EntityFrameworkCoreApp.DataStorage", "src\EntityFrameworkCoreApp.DataStorage\EntityFrameworkCoreApp.DataStorage.csproj", "{C0293739-2BB5-4DDE-939D-8591242D8DEF}"
EndProject
Project("{9A19103F-16F7-4668-BE54-9A1E7A4F7556}") = "AspNetCoreQuartzApp", "src\AspNetCoreQuartzApp\AspNetCoreQuartzApp.csproj", "{72982811-A3FF-4C44-A298-B2915A712873}"
EndProject
Project("{9A19103F-16F7-4668-BE54-9A1E7A4F7556}") = "AspNetCoreAPISwaggerApp", "src\AspNetCoreAPISwaggerApp\AspNetCoreAPISwaggerApp.csproj", "{ACC0C374-CF0A-4A0C-84AD-330064496A68}"
EndProject
Project("{9A19103F-16F7-4668-BE54-9A1E7A4F7556}") = "AspNetCoreAuthApp", "src\AspNetCoreAuthApp\AspNetCoreAuthApp.csproj", "{90ACC0F7-E24A-47DC-81A9-95B54FF9A370}"
EndProject
Project("{9A19103F-16F7-4668-BE54-9A1E7A4F7556}") = "AspNetCoreSimpleAuthApp", "src\AspNetCoreSimpleAuthApp\AspNetCoreSimpleAuthApp.csproj", "{3446D27C-3869-4E4D-9E2B-30F773BB9559}"
EndProject
Project("{2150E333-8FDC-42A3-9474-1A3956D46DE8}") = "AuthApps", "AuthApps", "{FE936796-2917-44A6-BD91-6FA18C9D7E74}"
EndProject
Project("{9A19103F-16F7-4668-BE54-9A1E7A4F7556}") = "AspNetCoreSignalRApp", "src\AspNetCoreSignalRApp\AspNetCoreSignalRApp.csproj", "{B24D18EC-50B0-47E4-B9FF-7BBDD380209A}"
EndProject
Project("{9A19103F-16F7-4668-BE54-9A1E7A4F7556}") = "AspNetCoreSimpleAzureApp", "src\AspNetCoreSimpleAzureApp\AspNetCoreSimpleAzureApp.csproj", "{103C5F14-34FF-47DE-8C6B-0CA6102A2835}"
EndProject
Project("{2150E333-8FDC-42A3-9474-1A3956D46DE8}") = "TestableApp", "TestableApp", "{9D17B7A1-CBCA-4EB4-AB48-05F5CEA7C8B4}"
EndProject
Project("{9A19103F-16F7-4668-BE54-9A1E7A4F7556}") = "AspNetCoreTestableApp", "src\AspNetCoreTestableApp\AspNetCoreTestableApp.csproj", "{A0B9A5BD-AF0B-46BE-A80A-C47B8D7550F2}"
EndProject
Project("{9A19103F-16F7-4668-BE54-9A1E7A4F7556}") = "AspNetCoreTestableApp.Tests", "src\AspNetCoreTestableApp.Tests\AspNetCoreTestableApp.Tests.csproj", "{E7E204F4-7B08-4206-85CF-17EC3468F459}"
EndProject
Project("{FAE04EC0-301F-11D3-BF4B-00C04F79EFBC}") = "EntityFrameworkCoreApp.Web.Shared", "src\EntityFrameworkCoreApp.Web.Shared\EntityFrameworkCoreApp.Web.Shared.csproj", "{47532B8A-F7A1-48EB-8597-B9A2A0808DD0}"
EndProject
Global
	GlobalSection(SolutionConfigurationPlatforms) = preSolution
		Debug|Any CPU = Debug|Any CPU
		Release|Any CPU = Release|Any CPU
	EndGlobalSection
	GlobalSection(ProjectConfigurationPlatforms) = postSolution
		{342FC559-DAAD-4A00-94A8-208E7EC238FD}.Debug|Any CPU.ActiveCfg = Debug|Any CPU
		{342FC559-DAAD-4A00-94A8-208E7EC238FD}.Debug|Any CPU.Build.0 = Debug|Any CPU
		{342FC559-DAAD-4A00-94A8-208E7EC238FD}.Release|Any CPU.ActiveCfg = Release|Any CPU
		{342FC559-DAAD-4A00-94A8-208E7EC238FD}.Release|Any CPU.Build.0 = Release|Any CPU
		{A0317700-6850-48A7-BF5A-5651E6E97D25}.Debug|Any CPU.ActiveCfg = Debug|Any CPU
		{A0317700-6850-48A7-BF5A-5651E6E97D25}.Debug|Any CPU.Build.0 = Debug|Any CPU
		{A0317700-6850-48A7-BF5A-5651E6E97D25}.Release|Any CPU.ActiveCfg = Release|Any CPU
		{A0317700-6850-48A7-BF5A-5651E6E97D25}.Release|Any CPU.Build.0 = Release|Any CPU
		{3AC471B7-8EEC-4FE3-8D23-BA15E7F34FA9}.Debug|Any CPU.ActiveCfg = Debug|Any CPU
		{3AC471B7-8EEC-4FE3-8D23-BA15E7F34FA9}.Debug|Any CPU.Build.0 = Debug|Any CPU
		{3AC471B7-8EEC-4FE3-8D23-BA15E7F34FA9}.Release|Any CPU.ActiveCfg = Release|Any CPU
		{3AC471B7-8EEC-4FE3-8D23-BA15E7F34FA9}.Release|Any CPU.Build.0 = Release|Any CPU
		{1BCAB731-8108-414D-ADBF-E6E3CAF21607}.Debug|Any CPU.ActiveCfg = Debug|Any CPU
		{1BCAB731-8108-414D-ADBF-E6E3CAF21607}.Debug|Any CPU.Build.0 = Debug|Any CPU
		{1BCAB731-8108-414D-ADBF-E6E3CAF21607}.Release|Any CPU.ActiveCfg = Release|Any CPU
		{1BCAB731-8108-414D-ADBF-E6E3CAF21607}.Release|Any CPU.Build.0 = Release|Any CPU
		{8E58E396-96E7-4FB9-8238-FABD77345D38}.Debug|Any CPU.ActiveCfg = Debug|Any CPU
		{8E58E396-96E7-4FB9-8238-FABD77345D38}.Debug|Any CPU.Build.0 = Debug|Any CPU
		{8E58E396-96E7-4FB9-8238-FABD77345D38}.Release|Any CPU.ActiveCfg = Release|Any CPU
		{8E58E396-96E7-4FB9-8238-FABD77345D38}.Release|Any CPU.Build.0 = Release|Any CPU
		{CBDDCB4F-B6EC-43E7-AB7E-F7EB74707508}.Debug|Any CPU.ActiveCfg = Debug|Any CPU
		{CBDDCB4F-B6EC-43E7-AB7E-F7EB74707508}.Debug|Any CPU.Build.0 = Debug|Any CPU
		{CBDDCB4F-B6EC-43E7-AB7E-F7EB74707508}.Release|Any CPU.ActiveCfg = Release|Any CPU
		{CBDDCB4F-B6EC-43E7-AB7E-F7EB74707508}.Release|Any CPU.Build.0 = Release|Any CPU
		{C0293739-2BB5-4DDE-939D-8591242D8DEF}.Debug|Any CPU.ActiveCfg = Debug|Any CPU
		{C0293739-2BB5-4DDE-939D-8591242D8DEF}.Debug|Any CPU.Build.0 = Debug|Any CPU
		{C0293739-2BB5-4DDE-939D-8591242D8DEF}.Release|Any CPU.ActiveCfg = Release|Any CPU
		{C0293739-2BB5-4DDE-939D-8591242D8DEF}.Release|Any CPU.Build.0 = Release|Any CPU
		{72982811-A3FF-4C44-A298-B2915A712873}.Debug|Any CPU.ActiveCfg = Debug|Any CPU
		{72982811-A3FF-4C44-A298-B2915A712873}.Debug|Any CPU.Build.0 = Debug|Any CPU
		{72982811-A3FF-4C44-A298-B2915A712873}.Release|Any CPU.ActiveCfg = Release|Any CPU
		{72982811-A3FF-4C44-A298-B2915A712873}.Release|Any CPU.Build.0 = Release|Any CPU
		{ACC0C374-CF0A-4A0C-84AD-330064496A68}.Debug|Any CPU.ActiveCfg = Debug|Any CPU
		{ACC0C374-CF0A-4A0C-84AD-330064496A68}.Debug|Any CPU.Build.0 = Debug|Any CPU
		{ACC0C374-CF0A-4A0C-84AD-330064496A68}.Release|Any CPU.ActiveCfg = Release|Any CPU
		{ACC0C374-CF0A-4A0C-84AD-330064496A68}.Release|Any CPU.Build.0 = Release|Any CPU
		{90ACC0F7-E24A-47DC-81A9-95B54FF9A370}.Debug|Any CPU.ActiveCfg = Debug|Any CPU
		{90ACC0F7-E24A-47DC-81A9-95B54FF9A370}.Debug|Any CPU.Build.0 = Debug|Any CPU
		{90ACC0F7-E24A-47DC-81A9-95B54FF9A370}.Release|Any CPU.ActiveCfg = Release|Any CPU
		{90ACC0F7-E24A-47DC-81A9-95B54FF9A370}.Release|Any CPU.Build.0 = Release|Any CPU
		{3446D27C-3869-4E4D-9E2B-30F773BB9559}.Debug|Any CPU.ActiveCfg = Debug|Any CPU
		{3446D27C-3869-4E4D-9E2B-30F773BB9559}.Debug|Any CPU.Build.0 = Debug|Any CPU
		{3446D27C-3869-4E4D-9E2B-30F773BB9559}.Release|Any CPU.ActiveCfg = Release|Any CPU
		{3446D27C-3869-4E4D-9E2B-30F773BB9559}.Release|Any CPU.Build.0 = Release|Any CPU
		{B24D18EC-50B0-47E4-B9FF-7BBDD380209A}.Debug|Any CPU.ActiveCfg = Debug|Any CPU
		{B24D18EC-50B0-47E4-B9FF-7BBDD380209A}.Debug|Any CPU.Build.0 = Debug|Any CPU
		{B24D18EC-50B0-47E4-B9FF-7BBDD380209A}.Release|Any CPU.ActiveCfg = Release|Any CPU
		{B24D18EC-50B0-47E4-B9FF-7BBDD380209A}.Release|Any CPU.Build.0 = Release|Any CPU
		{103C5F14-34FF-47DE-8C6B-0CA6102A2835}.Debug|Any CPU.ActiveCfg = Debug|Any CPU
		{103C5F14-34FF-47DE-8C6B-0CA6102A2835}.Debug|Any CPU.Build.0 = Debug|Any CPU
		{103C5F14-34FF-47DE-8C6B-0CA6102A2835}.Release|Any CPU.ActiveCfg = Release|Any CPU
		{103C5F14-34FF-47DE-8C6B-0CA6102A2835}.Release|Any CPU.Build.0 = Release|Any CPU
		{A0B9A5BD-AF0B-46BE-A80A-C47B8D7550F2}.Debug|Any CPU.ActiveCfg = Debug|Any CPU
		{A0B9A5BD-AF0B-46BE-A80A-C47B8D7550F2}.Debug|Any CPU.Build.0 = Debug|Any CPU
		{A0B9A5BD-AF0B-46BE-A80A-C47B8D7550F2}.Release|Any CPU.ActiveCfg = Release|Any CPU
		{A0B9A5BD-AF0B-46BE-A80A-C47B8D7550F2}.Release|Any CPU.Build.0 = Release|Any CPU
		{E7E204F4-7B08-4206-85CF-17EC3468F459}.Debug|Any CPU.ActiveCfg = Debug|Any CPU
		{E7E204F4-7B08-4206-85CF-17EC3468F459}.Debug|Any CPU.Build.0 = Debug|Any CPU
		{E7E204F4-7B08-4206-85CF-17EC3468F459}.Release|Any CPU.ActiveCfg = Release|Any CPU
		{E7E204F4-7B08-4206-85CF-17EC3468F459}.Release|Any CPU.Build.0 = Release|Any CPU
		{47532B8A-F7A1-48EB-8597-B9A2A0808DD0}.Debug|Any CPU.ActiveCfg = Debug|Any CPU
		{47532B8A-F7A1-48EB-8597-B9A2A0808DD0}.Debug|Any CPU.Build.0 = Debug|Any CPU
		{47532B8A-F7A1-48EB-8597-B9A2A0808DD0}.Release|Any CPU.ActiveCfg = Release|Any CPU
		{47532B8A-F7A1-48EB-8597-B9A2A0808DD0}.Release|Any CPU.Build.0 = Release|Any CPU
	EndGlobalSection
	GlobalSection(SolutionProperties) = preSolution
		HideSolutionNode = FALSE
	EndGlobalSection
	GlobalSection(NestedProjects) = preSolution
		{342FC559-DAAD-4A00-94A8-208E7EC238FD} = {6863DA35-755F-49D0-B2AC-21D857D7C8CA}
		{A0317700-6850-48A7-BF5A-5651E6E97D25} = {6863DA35-755F-49D0-B2AC-21D857D7C8CA}
		{3AC471B7-8EEC-4FE3-8D23-BA15E7F34FA9} = {6863DA35-755F-49D0-B2AC-21D857D7C8CA}
		{1BCAB731-8108-414D-ADBF-E6E3CAF21607} = {6863DA35-755F-49D0-B2AC-21D857D7C8CA}
		{C07B4438-910E-42E8-B38D-85EE56E43EA6} = {6863DA35-755F-49D0-B2AC-21D857D7C8CA}
		{8E58E396-96E7-4FB9-8238-FABD77345D38} = {C07B4438-910E-42E8-B38D-85EE56E43EA6}
		{CBDDCB4F-B6EC-43E7-AB7E-F7EB74707508} = {C07B4438-910E-42E8-B38D-85EE56E43EA6}
		{C0293739-2BB5-4DDE-939D-8591242D8DEF} = {C07B4438-910E-42E8-B38D-85EE56E43EA6}
		{72982811-A3FF-4C44-A298-B2915A712873} = {6863DA35-755F-49D0-B2AC-21D857D7C8CA}
		{ACC0C374-CF0A-4A0C-84AD-330064496A68} = {6863DA35-755F-49D0-B2AC-21D857D7C8CA}
		{90ACC0F7-E24A-47DC-81A9-95B54FF9A370} = {FE936796-2917-44A6-BD91-6FA18C9D7E74}
		{3446D27C-3869-4E4D-9E2B-30F773BB9559} = {FE936796-2917-44A6-BD91-6FA18C9D7E74}
		{FE936796-2917-44A6-BD91-6FA18C9D7E74} = {6863DA35-755F-49D0-B2AC-21D857D7C8CA}
		{B24D18EC-50B0-47E4-B9FF-7BBDD380209A} = {6863DA35-755F-49D0-B2AC-21D857D7C8CA}
		{103C5F14-34FF-47DE-8C6B-0CA6102A2835} = {6863DA35-755F-49D0-B2AC-21D857D7C8CA}
		{9D17B7A1-CBCA-4EB4-AB48-05F5CEA7C8B4} = {6863DA35-755F-49D0-B2AC-21D857D7C8CA}
		{A0B9A5BD-AF0B-46BE-A80A-C47B8D7550F2} = {9D17B7A1-CBCA-4EB4-AB48-05F5CEA7C8B4}
		{E7E204F4-7B08-4206-85CF-17EC3468F459} = {9D17B7A1-CBCA-4EB4-AB48-05F5CEA7C8B4}
		{47532B8A-F7A1-48EB-8597-B9A2A0808DD0} = {C07B4438-910E-42E8-B38D-85EE56E43EA6}
	EndGlobalSection
	GlobalSection(ExtensibilityGlobals) = postSolution
		SolutionGuid = {7C3F6B5C-8DB4-4B89-9CEE-FC1A0984CA52}
	EndGlobalSection
EndGlobal
